
Microsoft Visual Studio Solution File, Format Version 12.00
# Visual Studio 15
VisualStudioVersion = 15.0.28307.271
MinimumVisualStudioVersion = 10.0.40219.1
Project("{FAE04EC0-301F-11D3-BF4B-00C04F79EFBC}") = "Calculator", "Calculator\Calculator.csproj", "{E6C43ECC-FB46-4BD4-B726-9D0D1846FBC0}"
EndProject
Project("{FAE04EC0-301F-11D3-BF4B-00C04F79EFBC}") = "Calculator.Test.Unit", "Calculator.Test.Unit\Calculator.Test.Unit.csproj", "{2A359DF7-0393-40DA-9E64-4637C1FC7C9A}"
EndProject
Global
	GlobalSection(SolutionConfigurationPlatforms) = preSolution
		Debug|Any CPU = Debug|Any CPU
		Release|Any CPU = Release|Any CPU
	EndGlobalSection
	GlobalSection(ProjectConfigurationPlatforms) = postSolution
		{E6C43ECC-FB46-4BD4-B726-9D0D1846FBC0}.Debug|Any CPU.ActiveCfg = Debug|Any CPU
		{E6C43ECC-FB46-4BD4-B726-9D0D1846FBC0}.Debug|Any CPU.Build.0 = Debug|Any CPU
		{E6C43ECC-FB46-4BD4-B726-9D0D1846FBC0}.Release|Any CPU.ActiveCfg = Release|Any CPU
		{E6C43ECC-FB46-4BD4-B726-9D0D1846FBC0}.Release|Any CPU.Build.0 = Release|Any CPU
		{2A359DF7-0393-40DA-9E64-4637C1FC7C9A}.Debug|Any CPU.ActiveCfg = Debug|Any CPU
		{2A359DF7-0393-40DA-9E64-4637C1FC7C9A}.Debug|Any CPU.Build.0 = Debug|Any CPU
		{2A359DF7-0393-40DA-9E64-4637C1FC7C9A}.Release|Any CPU.ActiveCfg = Release|Any CPU
		{2A359DF7-0393-40DA-9E64-4637C1FC7C9A}.Release|Any CPU.Build.0 = Release|Any CPU
	EndGlobalSection
	GlobalSection(SolutionProperties) = preSolution
		HideSolutionNode = FALSE
	EndGlobalSection
	GlobalSection(ExtensibilityGlobals) = postSolution
		SolutionGuid = {89961F94-B275-44EE-B59C-74EAA5CB9560}
	EndGlobalSection
EndGlobal
